// !$*UTF8*$!
{
	archiveVersion = 1;
	classes = {
	};
	objectVersion = 56;
	objects = {

/* Begin PBXBuildFile section */
		EF06A6F62D1EDC11004E395E /* JK_PortfolioApp.swift in Sources */ = {isa = PBXBuildFile; fileRef = EF06A6F52D1EDC11004E395E /* JK_PortfolioApp.swift */; };
		EF06A6F82D1EDC11004E395E /* ContentView.swift in Sources */ = {isa = PBXBuildFile; fileRef = EF06A6F72D1EDC11004E395E /* ContentView.swift */; };
		EF06A6FA2D1EDC13004E395E /* Assets.xcassets in Resources */ = {isa = PBXBuildFile; fileRef = EF06A6F92D1EDC13004E395E /* Assets.xcassets */; };
		EF06A6FD2D1EDC13004E395E /* Preview Assets.xcassets in Resources */ = {isa = PBXBuildFile; fileRef = EF06A6FC2D1EDC13004E395E /* Preview Assets.xcassets */; };
		EF06A7082D1EE62D004E395E /* TypewriterView.swift in Sources */ = {isa = PBXBuildFile; fileRef = EF06A7072D1EE62D004E395E /* TypewriterView.swift */; };
		EF06A70A2D1F0609004E395E /* MailComposeViewController.swift in Sources */ = {isa = PBXBuildFile; fileRef = EF06A7092D1F0609004E395E /* MailComposeViewController.swift */; };
		EF06A70C2D23AF81004E395E /* DetailView.swift in Sources */ = {isa = PBXBuildFile; fileRef = EF06A70B2D23AF81004E395E /* DetailView.swift */; };
		EF06A70F2D23BE35004E395E /* Color+Extension.swift in Sources */ = {isa = PBXBuildFile; fileRef = EF06A70E2D23BE35004E395E /* Color+Extension.swift */; };
		EF06A7112D23F129004E395E /* SkillsCardModel.swift in Sources */ = {isa = PBXBuildFile; fileRef = EF06A7102D23F129004E395E /* SkillsCardModel.swift */; };
		EF06A7132D23F16F004E395E /* SkillsProgressView.swift in Sources */ = {isa = PBXBuildFile; fileRef = EF06A7122D23F16F004E395E /* SkillsProgressView.swift */; };
		EF06A7152D257B48004E395E /* WebView.swift in Sources */ = {isa = PBXBuildFile; fileRef = EF06A7142D257B48004E395E /* WebView.swift */; };
		EF06A7172D257B89004E395E /* ResumeView.swift in Sources */ = {isa = PBXBuildFile; fileRef = EF06A7162D257B89004E395E /* ResumeView.swift */; };
		EF06A7192D257DB2004E395E /* Constants.swift in Sources */ = {isa = PBXBuildFile; fileRef = EF06A7182D257DB2004E395E /* Constants.swift */; };
		EF76CB3E2D2D7BB6007A634C /* Lottie in Frameworks */ = {isa = PBXBuildFile; productRef = EF76CB3D2D2D7BB6007A634C /* Lottie */; };
		EF76CB402D2D7BF0007A634C /* jk.json in Resources */ = {isa = PBXBuildFile; fileRef = EF76CB3F2D2D7BEF007A634C /* jk.json */; };
		EF76CB422D2D7C6D007A634C /* SplashScreen.swift in Sources */ = {isa = PBXBuildFile; fileRef = EF76CB412D2D7C6D007A634C /* SplashScreen.swift */; };
		EF76CB442D2D7F4B007A634C /* awards.json in Resources */ = {isa = PBXBuildFile; fileRef = EF76CB432D2D7F4B007A634C /* awards.json */; };
		EF76CB492D2E79F9007A634C /* projects.json in Resources */ = {isa = PBXBuildFile; fileRef = EF76CB462D2E79F8007A634C /* projects.json */; };
		EF76CB4A2D2E79F9007A634C /* experience.json in Resources */ = {isa = PBXBuildFile; fileRef = EF76CB472D2E79F9007A634C /* experience.json */; };
		EF76CB4B2D2E79F9007A634C /* happy_clients.json in Resources */ = {isa = PBXBuildFile; fileRef = EF76CB482D2E79F9007A634C /* happy_clients.json */; };
		EF76CB4D2D2E8643007A634C /* Expertise.swift in Sources */ = {isa = PBXBuildFile; fileRef = EF76CB4C2D2E8643007A634C /* Expertise.swift */; };
		EF8374F22D4D111100F9BC78 /* AllProjectsView.swift in Sources */ = {isa = PBXBuildFile; fileRef = EF8374F12D4D111100F9BC78 /* AllProjectsView.swift */; };
/* End PBXBuildFile section */

/* Begin PBXFileReference section */
		EF06A6F22D1EDC11004E395E /* JK-Portfolio.app */ = {isa = PBXFileReference; explicitFileType = wrapper.application; includeInIndex = 0; path = "JK-Portfolio.app"; sourceTree = BUILT_PRODUCTS_DIR; };
		EF06A6F52D1EDC11004E395E /* JK_PortfolioApp.swift */ = {isa = PBXFileReference; lastKnownFileType = sourcecode.swift; path = JK_PortfolioApp.swift; sourceTree = "<group>"; };
		EF06A6F72D1EDC11004E395E /* ContentView.swift */ = {isa = PBXFileReference; lastKnownFileType = sourcecode.swift; path = ContentView.swift; sourceTree = "<group>"; };
		EF06A6F92D1EDC13004E395E /* Assets.xcassets */ = {isa = PBXFileReference; lastKnownFileType = folder.assetcatalog; path = Assets.xcassets; sourceTree = "<group>"; };
		EF06A6FC2D1EDC13004E395E /* Preview Assets.xcassets */ = {isa = PBXFileReference; lastKnownFileType = folder.assetcatalog; path = "Preview Assets.xcassets"; sourceTree = "<group>"; };
		EF06A7072D1EE62D004E395E /* TypewriterView.swift */ = {isa = PBXFileReference; lastKnownFileType = sourcecode.swift; path = TypewriterView.swift; sourceTree = "<group>"; };
		EF06A7092D1F0609004E395E /* MailComposeViewController.swift */ = {isa = PBXFileReference; lastKnownFileType = sourcecode.swift; path = MailComposeViewController.swift; sourceTree = "<group>"; };
		EF06A70B2D23AF81004E395E /* DetailView.swift */ = {isa = PBXFileReference; lastKnownFileType = sourcecode.swift; path = DetailView.swift; sourceTree = "<group>"; };
		EF06A70E2D23BE35004E395E /* Color+Extension.swift */ = {isa = PBXFileReference; lastKnownFileType = sourcecode.swift; path = "Color+Extension.swift"; sourceTree = "<group>"; };
		EF06A7102D23F129004E395E /* SkillsCardModel.swift */ = {isa = PBXFileReference; lastKnownFileType = sourcecode.swift; path = SkillsCardModel.swift; sourceTree = "<group>"; };
		EF06A7122D23F16F004E395E /* SkillsProgressView.swift */ = {isa = PBXFileReference; lastKnownFileType = sourcecode.swift; path = SkillsProgressView.swift; sourceTree = "<group>"; };
		EF06A7142D257B48004E395E /* WebView.swift */ = {isa = PBXFileReference; lastKnownFileType = sourcecode.swift; path = WebView.swift; sourceTree = "<group>"; };
		EF06A7162D257B89004E395E /* ResumeView.swift */ = {isa = PBXFileReference; lastKnownFileType = sourcecode.swift; path = ResumeView.swift; sourceTree = "<group>"; };
		EF06A7182D257DB2004E395E /* Constants.swift */ = {isa = PBXFileReference; lastKnownFileType = sourcecode.swift; path = Constants.swift; sourceTree = "<group>"; };
		EF76CB3F2D2D7BEF007A634C /* jk.json */ = {isa = PBXFileReference; fileEncoding = 4; lastKnownFileType = text.json; path = jk.json; sourceTree = "<group>"; };
		EF76CB412D2D7C6D007A634C /* SplashScreen.swift */ = {isa = PBXFileReference; lastKnownFileType = sourcecode.swift; path = SplashScreen.swift; sourceTree = "<group>"; };
		EF76CB432D2D7F4B007A634C /* awards.json */ = {isa = PBXFileReference; fileEncoding = 4; lastKnownFileType = text.json; path = awards.json; sourceTree = "<group>"; };
		EF76CB462D2E79F8007A634C /* projects.json */ = {isa = PBXFileReference; fileEncoding = 4; lastKnownFileType = text.json; path = projects.json; sourceTree = "<group>"; };
		EF76CB472D2E79F9007A634C /* experience.json */ = {isa = PBXFileReference; fileEncoding = 4; lastKnownFileType = text.json; path = experience.json; sourceTree = "<group>"; };
		EF76CB482D2E79F9007A634C /* happy_clients.json */ = {isa = PBXFileReference; fileEncoding = 4; lastKnownFileType = text.json; path = happy_clients.json; sourceTree = "<group>"; };
		EF76CB4C2D2E8643007A634C /* Expertise.swift */ = {isa = PBXFileReference; lastKnownFileType = sourcecode.swift; path = Expertise.swift; sourceTree = "<group>"; };
		EF8374F12D4D111100F9BC78 /* AllProjectsView.swift */ = {isa = PBXFileReference; lastKnownFileType = sourcecode.swift; path = AllProjectsView.swift; sourceTree = "<group>"; };
/* End PBXFileReference section */

/* Begin PBXFrameworksBuildPhase section */
		EF06A6EF2D1EDC11004E395E /* Frameworks */ = {
			isa = PBXFrameworksBuildPhase;
			buildActionMask = 2147483647;
			files = (
				EF76CB3E2D2D7BB6007A634C /* Lottie in Frameworks */,
			);
			runOnlyForDeploymentPostprocessing = 0;
		};
/* End PBXFrameworksBuildPhase section */

/* Begin PBXGroup section */
		EF06A6E92D1EDC11004E395E = {
			isa = PBXGroup;
			children = (
				EF06A6F42D1EDC11004E395E /* JK-Portfolio */,
				EF06A6F32D1EDC11004E395E /* Products */,
			);
			sourceTree = "<group>";
		};
		EF06A6F32D1EDC11004E395E /* Products */ = {
			isa = PBXGroup;
			children = (
				EF06A6F22D1EDC11004E395E /* JK-Portfolio.app */,
			);
			name = Products;
			sourceTree = "<group>";
		};
		EF06A6F42D1EDC11004E395E /* JK-Portfolio */ = {
			isa = PBXGroup;
			children = (
				EF06A70D2D23BE1F004E395E /* Extensions */,
				EF06A7052D1EE614004E395E /* Helpers */,
				EF06A7042D1EE5FC004E395E /* Views */,
				EF06A7032D1EE5F2004E395E /* Model */,
				EF06A6F52D1EDC11004E395E /* JK_PortfolioApp.swift */,
				EF76CB452D2E79ED007A634C /* Resources */,
				EF06A6F92D1EDC13004E395E /* Assets.xcassets */,
				EF06A6FB2D1EDC13004E395E /* Preview Content */,
			);
			path = "JK-Portfolio";
			sourceTree = "<group>";
		};
		EF06A6FB2D1EDC13004E395E /* Preview Content */ = {
			isa = PBXGroup;
			children = (
				EF06A6FC2D1EDC13004E395E /* Preview Assets.xcassets */,
			);
			path = "Preview Content";
			sourceTree = "<group>";
		};
		EF06A7032D1EE5F2004E395E /* Model */ = {
			isa = PBXGroup;
			children = (
				EF06A7102D23F129004E395E /* SkillsCardModel.swift */,
			);
			path = Model;
			sourceTree = "<group>";
		};
		EF06A7042D1EE5FC004E395E /* Views */ = {
			isa = PBXGroup;
			children = (
				EF06A6F72D1EDC11004E395E /* ContentView.swift */,
				EF06A70B2D23AF81004E395E /* DetailView.swift */,
				EF06A7122D23F16F004E395E /* SkillsProgressView.swift */,
				EF06A7162D257B89004E395E /* ResumeView.swift */,
				EF76CB412D2D7C6D007A634C /* SplashScreen.swift */,
				EF76CB4C2D2E8643007A634C /* Expertise.swift */,
				EF8374F12D4D111100F9BC78 /* AllProjectsView.swift */,
			);
			path = Views;
			sourceTree = "<group>";
		};
		EF06A7052D1EE614004E395E /* Helpers */ = {
			isa = PBXGroup;
			children = (
				EF06A7062D1EE61C004E395E /* UI */,
				EF06A7092D1F0609004E395E /* MailComposeViewController.swift */,
				EF06A7182D257DB2004E395E /* Constants.swift */,
			);
			path = Helpers;
			sourceTree = "<group>";
		};
		EF06A7062D1EE61C004E395E /* UI */ = {
			isa = PBXGroup;
			children = (
				EF06A7072D1EE62D004E395E /* TypewriterView.swift */,
				EF06A7142D257B48004E395E /* WebView.swift */,
			);
			path = UI;
			sourceTree = "<group>";
		};
		EF06A70D2D23BE1F004E395E /* Extensions */ = {
			isa = PBXGroup;
			children = (
				EF06A70E2D23BE35004E395E /* Color+Extension.swift */,
			);
			path = Extensions;
			sourceTree = "<group>";
		};
		EF76CB452D2E79ED007A634C /* Resources */ = {
			isa = PBXGroup;
			children = (
				EF76CB472D2E79F9007A634C /* experience.json */,
				EF76CB482D2E79F9007A634C /* happy_clients.json */,
				EF76CB462D2E79F8007A634C /* projects.json */,
				EF76CB432D2D7F4B007A634C /* awards.json */,
				EF76CB3F2D2D7BEF007A634C /* jk.json */,
			);
			path = Resources;
			sourceTree = "<group>";
		};
/* End PBXGroup section */

/* Begin PBXNativeTarget section */
		EF06A6F12D1EDC11004E395E /* JK-Portfolio */ = {
			isa = PBXNativeTarget;
			buildConfigurationList = EF06A7002D1EDC13004E395E /* Build configuration list for PBXNativeTarget "JK-Portfolio" */;
			buildPhases = (
				EF06A6EE2D1EDC11004E395E /* Sources */,
				EF06A6EF2D1EDC11004E395E /* Frameworks */,
				EF06A6F02D1EDC11004E395E /* Resources */,
			);
			buildRules = (
			);
			dependencies = (
			);
			name = "JK-Portfolio";
			packageProductDependencies = (
				EF76CB3D2D2D7BB6007A634C /* Lottie */,
			);
			productName = "JK-Portfolio";
			productReference = EF06A6F22D1EDC11004E395E /* JK-Portfolio.app */;
			productType = "com.apple.product-type.application";
		};
/* End PBXNativeTarget section */

/* Begin PBXProject section */
		EF06A6EA2D1EDC11004E395E /* Project object */ = {
			isa = PBXProject;
			attributes = {
				BuildIndependentTargetsInParallel = 1;
				LastSwiftUpdateCheck = 1540;
				LastUpgradeCheck = 1540;
				TargetAttributes = {
					EF06A6F12D1EDC11004E395E = {
						CreatedOnToolsVersion = 15.4;
					};
				};
			};
			buildConfigurationList = EF06A6ED2D1EDC11004E395E /* Build configuration list for PBXProject "JK-Portfolio" */;
			compatibilityVersion = "Xcode 14.0";
			developmentRegion = en;
			hasScannedForEncodings = 0;
			knownRegions = (
				en,
				Base,
			);
			mainGroup = EF06A6E92D1EDC11004E395E;
			packageReferences = (
				EF76CB3C2D2D7BB6007A634C /* XCRemoteSwiftPackageReference "lottie-spm" */,
			);
			productRefGroup = EF06A6F32D1EDC11004E395E /* Products */;
			projectDirPath = "";
			projectRoot = "";
			targets = (
				EF06A6F12D1EDC11004E395E /* JK-Portfolio */,
			);
		};
/* End PBXProject section */

/* Begin PBXResourcesBuildPhase section */
		EF06A6F02D1EDC11004E395E /* Resources */ = {
			isa = PBXResourcesBuildPhase;
			buildActionMask = 2147483647;
			files = (
				EF76CB402D2D7BF0007A634C /* jk.json in Resources */,
				EF76CB442D2D7F4B007A634C /* awards.json in Resources */,
				EF76CB492D2E79F9007A634C /* projects.json in Resources */,
				EF06A6FD2D1EDC13004E395E /* Preview Assets.xcassets in Resources */,
				EF06A6FA2D1EDC13004E395E /* Assets.xcassets in Resources */,
				EF76CB4B2D2E79F9007A634C /* happy_clients.json in Resources */,
				EF76CB4A2D2E79F9007A634C /* experience.json in Resources */,
			);
			runOnlyForDeploymentPostprocessing = 0;
		};
/* End PBXResourcesBuildPhase section */

/* Begin PBXSourcesBuildPhase section */
		EF06A6EE2D1EDC11004E395E /* Sources */ = {
			isa = PBXSourcesBuildPhase;
			buildActionMask = 2147483647;
			files = (
				EF76CB4D2D2E8643007A634C /* Expertise.swift in Sources */,
				EF76CB422D2D7C6D007A634C /* SplashScreen.swift in Sources */,
				EF06A6F82D1EDC11004E395E /* ContentView.swift in Sources */,
				EF06A7192D257DB2004E395E /* Constants.swift in Sources */,
				EF06A7112D23F129004E395E /* SkillsCardModel.swift in Sources */,
				EF06A70F2D23BE35004E395E /* Color+Extension.swift in Sources */,
				EF06A7082D1EE62D004E395E /* TypewriterView.swift in Sources */,
				EF06A70A2D1F0609004E395E /* MailComposeViewController.swift in Sources */,
				EF06A7132D23F16F004E395E /* SkillsProgressView.swift in Sources */,
				EF06A7152D257B48004E395E /* WebView.swift in Sources */,
				EF8374F22D4D111100F9BC78 /* AllProjectsView.swift in Sources */,
				EF06A70C2D23AF81004E395E /* DetailView.swift in Sources */,
				EF06A6F62D1EDC11004E395E /* JK_PortfolioApp.swift in Sources */,
				EF06A7172D257B89004E395E /* ResumeView.swift in Sources */,
			);
			runOnlyForDeploymentPostprocessing = 0;
		};
/* End PBXSourcesBuildPhase section */

/* Begin XCBuildConfiguration section */
		EF06A6FE2D1EDC13004E395E /* Debug */ = {
			isa = XCBuildConfiguration;
			buildSettings = {
				ALWAYS_SEARCH_USER_PATHS = NO;
				ASSETCATALOG_COMPILER_GENERATE_SWIFT_ASSET_SYMBOL_EXTENSIONS = YES;
				CLANG_ANALYZER_NONNULL = YES;
				CLANG_ANALYZER_NUMBER_OBJECT_CONVERSION = YES_AGGRESSIVE;
				CLANG_CXX_LANGUAGE_STANDARD = "gnu++20";
				CLANG_ENABLE_MODULES = YES;
				CLANG_ENABLE_OBJC_ARC = YES;
				CLANG_ENABLE_OBJC_WEAK = YES;
				CLANG_WARN_BLOCK_CAPTURE_AUTORELEASING = YES;
				CLANG_WARN_BOOL_CONVERSION = YES;
				CLANG_WARN_COMMA = YES;
				CLANG_WARN_CONSTANT_CONVERSION = YES;
				CLANG_WARN_DEPRECATED_OBJC_IMPLEMENTATIONS = YES;
				CLANG_WARN_DIRECT_OBJC_ISA_USAGE = YES_ERROR;
				CLANG_WARN_DOCUMENTATION_COMMENTS = YES;
				CLANG_WARN_EMPTY_BODY = YES;
				CLANG_WARN_ENUM_CONVERSION = YES;
				CLANG_WARN_INFINITE_RECURSION = YES;
				CLANG_WARN_INT_CONVERSION = YES;
				CLANG_WARN_NON_LITERAL_NULL_CONVERSION = YES;
				CLANG_WARN_OBJC_IMPLICIT_RETAIN_SELF = YES;
				CLANG_WARN_OBJC_LITERAL_CONVERSION = YES;
				CLANG_WARN_OBJC_ROOT_CLASS = YES_ERROR;
				CLANG_WARN_QUOTED_INCLUDE_IN_FRAMEWORK_HEADER = YES;
				CLANG_WARN_RANGE_LOOP_ANALYSIS = YES;
				CLANG_WARN_STRICT_PROTOTYPES = YES;
				CLANG_WARN_SUSPICIOUS_MOVE = YES;
				CLANG_WARN_UNGUARDED_AVAILABILITY = YES_AGGRESSIVE;
				CLANG_WARN_UNREACHABLE_CODE = YES;
				CLANG_WARN__DUPLICATE_METHOD_MATCH = YES;
				COPY_PHASE_STRIP = NO;
				DEBUG_INFORMATION_FORMAT = dwarf;
				ENABLE_STRICT_OBJC_MSGSEND = YES;
				ENABLE_TESTABILITY = YES;
				ENABLE_USER_SCRIPT_SANDBOXING = YES;
				GCC_C_LANGUAGE_STANDARD = gnu17;
				GCC_DYNAMIC_NO_PIC = NO;
				GCC_NO_COMMON_BLOCKS = YES;
				GCC_OPTIMIZATION_LEVEL = 0;
				GCC_PREPROCESSOR_DEFINITIONS = (
					"DEBUG=1",
					"$(inherited)",
				);
				GCC_WARN_64_TO_32_BIT_CONVERSION = YES;
				GCC_WARN_ABOUT_RETURN_TYPE = YES_ERROR;
				GCC_WARN_UNDECLARED_SELECTOR = YES;
				GCC_WARN_UNINITIALIZED_AUTOS = YES_AGGRESSIVE;
				GCC_WARN_UNUSED_FUNCTION = YES;
				GCC_WARN_UNUSED_VARIABLE = YES;
				IPHONEOS_DEPLOYMENT_TARGET = 17.5;
				LOCALIZATION_PREFERS_STRING_CATALOGS = YES;
				MTL_ENABLE_DEBUG_INFO = INCLUDE_SOURCE;
				MTL_FAST_MATH = YES;
				ONLY_ACTIVE_ARCH = YES;
				SDKROOT = iphoneos;
				SWIFT_ACTIVE_COMPILATION_CONDITIONS = "DEBUG $(inherited)";
				SWIFT_OPTIMIZATION_LEVEL = "-Onone";
			};
			name = Debug;
		};
		EF06A6FF2D1EDC13004E395E /* Release */ = {
			isa = XCBuildConfiguration;
			buildSettings = {
				ALWAYS_SEARCH_USER_PATHS = NO;
				ASSETCATALOG_COMPILER_GENERATE_SWIFT_ASSET_SYMBOL_EXTENSIONS = YES;
				CLANG_ANALYZER_NONNULL = YES;
				CLANG_ANALYZER_NUMBER_OBJECT_CONVERSION = YES_AGGRESSIVE;
				CLANG_CXX_LANGUAGE_STANDARD = "gnu++20";
				CLANG_ENABLE_MODULES = YES;
				CLANG_ENABLE_OBJC_ARC = YES;
				CLANG_ENABLE_OBJC_WEAK = YES;
				CLANG_WARN_BLOCK_CAPTURE_AUTORELEASING = YES;
				CLANG_WARN_BOOL_CONVERSION = YES;
				CLANG_WARN_COMMA = YES;
				CLANG_WARN_CONSTANT_CONVERSION = YES;
				CLANG_WARN_DEPRECATED_OBJC_IMPLEMENTATIONS = YES;
				CLANG_WARN_DIRECT_OBJC_ISA_USAGE = YES_ERROR;
				CLANG_WARN_DOCUMENTATION_COMMENTS = YES;
				CLANG_WARN_EMPTY_BODY = YES;
				CLANG_WARN_ENUM_CONVERSION = YES;
				CLANG_WARN_INFINITE_RECURSION = YES;
				CLANG_WARN_INT_CONVERSION = YES;
				CLANG_WARN_NON_LITERAL_NULL_CONVERSION = YES;
				CLANG_WARN_OBJC_IMPLICIT_RETAIN_SELF = YES;
				CLANG_WARN_OBJC_LITERAL_CONVERSION = YES;
				CLANG_WARN_OBJC_ROOT_CLASS = YES_ERROR;
				CLANG_WARN_QUOTED_INCLUDE_IN_FRAMEWORK_HEADER = YES;
				CLANG_WARN_RANGE_LOOP_ANALYSIS = YES;
				CLANG_WARN_STRICT_PROTOTYPES = YES;
				CLANG_WARN_SUSPICIOUS_MOVE = YES;
				CLANG_WARN_UNGUARDED_AVAILABILITY = YES_AGGRESSIVE;
				CLANG_WARN_UNREACHABLE_CODE = YES;
				CLANG_WARN__DUPLICATE_METHOD_MATCH = YES;
				COPY_PHASE_STRIP = NO;
				DEBUG_INFORMATION_FORMAT = "dwarf-with-dsym";
				ENABLE_NS_ASSERTIONS = NO;
				ENABLE_STRICT_OBJC_MSGSEND = YES;
				ENABLE_USER_SCRIPT_SANDBOXING = YES;
				GCC_C_LANGUAGE_STANDARD = gnu17;
				GCC_NO_COMMON_BLOCKS = YES;
				GCC_WARN_64_TO_32_BIT_CONVERSION = YES;
				GCC_WARN_ABOUT_RETURN_TYPE = YES_ERROR;
				GCC_WARN_UNDECLARED_SELECTOR = YES;
				GCC_WARN_UNINITIALIZED_AUTOS = YES_AGGRESSIVE;
				GCC_WARN_UNUSED_FUNCTION = YES;
				GCC_WARN_UNUSED_VARIABLE = YES;
				IPHONEOS_DEPLOYMENT_TARGET = 17.5;
				LOCALIZATION_PREFERS_STRING_CATALOGS = YES;
				MTL_ENABLE_DEBUG_INFO = NO;
				MTL_FAST_MATH = YES;
				SDKROOT = iphoneos;
				SWIFT_COMPILATION_MODE = wholemodule;
				VALIDATE_PRODUCT = YES;
			};
			name = Release;
		};
		EF06A7012D1EDC13004E395E /* Debug */ = {
			isa = XCBuildConfiguration;
			buildSettings = {
				ASSETCATALOG_COMPILER_APPICON_NAME = AppIcon;
				ASSETCATALOG_COMPILER_GLOBAL_ACCENT_COLOR_NAME = AccentColor;
				CODE_SIGN_STYLE = Automatic;
				CURRENT_PROJECT_VERSION = 1;
				DEVELOPMENT_ASSET_PATHS = "\"JK-Portfolio/Preview Content\"";
				DEVELOPMENT_TEAM = CY54S784AK;
				ENABLE_PREVIEWS = YES;
				GENERATE_INFOPLIST_FILE = YES;
				INFOPLIST_KEY_UIApplicationSceneManifest_Generation = YES;
				INFOPLIST_KEY_UIApplicationSupportsIndirectInputEvents = YES;
				INFOPLIST_KEY_UILaunchScreen_Generation = YES;
				INFOPLIST_KEY_UISupportedInterfaceOrientations_iPad = "UIInterfaceOrientationPortrait UIInterfaceOrientationPortraitUpsideDown UIInterfaceOrientationLandscapeLeft UIInterfaceOrientationLandscapeRight";
				INFOPLIST_KEY_UISupportedInterfaceOrientations_iPhone = "UIInterfaceOrientationPortrait UIInterfaceOrientationLandscapeLeft UIInterfaceOrientationLandscapeRight";
				LD_RUNPATH_SEARCH_PATHS = (
					"$(inherited)",
					"@executable_path/Frameworks",
				);
				MARKETING_VERSION = 1.0;
				PRODUCT_BUNDLE_IDENTIFIER = "com.example.JK-Portfolio";
				PRODUCT_NAME = "$(TARGET_NAME)";
				SWIFT_EMIT_LOC_STRINGS = YES;
				SWIFT_VERSION = 5.0;
				TARGETED_DEVICE_FAMILY = "1,2";
			};
			name = Debug;
		};
		EF06A7022D1EDC13004E395E /* Release */ = {
			isa = XCBuildConfiguration;
			buildSettings = {
				ASSETCATALOG_COMPILER_APPICON_NAME = AppIcon;
				ASSETCATALOG_COMPILER_GLOBAL_ACCENT_COLOR_NAME = AccentColor;
				CODE_SIGN_STYLE = Automatic;
				CURRENT_PROJECT_VERSION = 1;
				DEVELOPMENT_ASSET_PATHS = "\"JK-Portfolio/Preview Content\"";
				DEVELOPMENT_TEAM = CY54S784AK;
				ENABLE_PREVIEWS = YES;
				GENERATE_INFOPLIST_FILE = YES;
				INFOPLIST_KEY_UIApplicationSceneManifest_Generation = YES;
				INFOPLIST_KEY_UIApplicationSupportsIndirectInputEvents = YES;
				INFOPLIST_KEY_UILaunchScreen_Generation = YES;
				INFOPLIST_KEY_UISupportedInterfaceOrientations_iPad = "UIInterfaceOrientationPortrait UIInterfaceOrientationPortraitUpsideDown UIInterfaceOrientationLandscapeLeft UIInterfaceOrientationLandscapeRight";
				INFOPLIST_KEY_UISupportedInterfaceOrientations_iPhone = "UIInterfaceOrientationPortrait UIInterfaceOrientationLandscapeLeft UIInterfaceOrientationLandscapeRight";
				LD_RUNPATH_SEARCH_PATHS = (
					"$(inherited)",
					"@executable_path/Frameworks",
				);
				MARKETING_VERSION = 1.0;
				PRODUCT_BUNDLE_IDENTIFIER = "com.example.JK-Portfolio";
				PRODUCT_NAME = "$(TARGET_NAME)";
				SWIFT_EMIT_LOC_STRINGS = YES;
				SWIFT_VERSION = 5.0;
				TARGETED_DEVICE_FAMILY = "1,2";
			};
			name = Release;
		};
/* End XCBuildConfiguration section */

/* Begin XCConfigurationList section */
		EF06A6ED2D1EDC11004E395E /* Build configuration list for PBXProject "JK-Portfolio" */ = {
			isa = XCConfigurationList;
			buildConfigurations = (
				EF06A6FE2D1EDC13004E395E /* Debug */,
				EF06A6FF2D1EDC13004E395E /* Release */,
			);
			defaultConfigurationIsVisible = 0;
			defaultConfigurationName = Release;
		};
		EF06A7002D1EDC13004E395E /* Build configuration list for PBXNativeTarget "JK-Portfolio" */ = {
			isa = XCConfigurationList;
			buildConfigurations = (
				EF06A7012D1EDC13004E395E /* Debug */,
				EF06A7022D1EDC13004E395E /* Release */,
			);
			defaultConfigurationIsVisible = 0;
			defaultConfigurationName = Release;
		};
/* End XCConfigurationList section */

/* Begin XCRemoteSwiftPackageReference section */
		EF76CB3C2D2D7BB6007A634C /* XCRemoteSwiftPackageReference "lottie-spm" */ = {
			isa = XCRemoteSwiftPackageReference;
			repositoryURL = "https://github.com/airbnb/lottie-spm.git";
			requirement = {
				kind = upToNextMajorVersion;
				minimumVersion = 4.5.1;
			};
		};
/* End XCRemoteSwiftPackageReference section */

/* Begin XCSwiftPackageProductDependency section */
		EF76CB3D2D2D7BB6007A634C /* Lottie */ = {
			isa = XCSwiftPackageProductDependency;
			package = EF76CB3C2D2D7BB6007A634C /* XCRemoteSwiftPackageReference "lottie-spm" */;
			productName = Lottie;
		};
/* End XCSwiftPackageProductDependency section */
	};
	rootObject = EF06A6EA2D1EDC11004E395E /* Project object */;
}
